
Microsoft Visual Studio Solution File, Format Version 12.00
# Visual Studio Version 17
VisualStudioVersion = 17.7.34024.191
MinimumVisualStudioVersion = 10.0.40219.1
Project("{2150E333-8FDC-42A3-9474-1A3956D46DE8}") = "src", "src", "{5724FC31-E7B7-4F84-8B04-85E8A7B964DB}"
EndProject
Project("{2150E333-8FDC-42A3-9474-1A3956D46DE8}") = "Domain", "Domain", "{7910C4F6-E2F6-4309-BC0F-45285E1124D7}"
EndProject
Project("{2150E333-8FDC-42A3-9474-1A3956D46DE8}") = "Infrastructure", "Infrastructure", "{DE45A29E-9213-401C-8D14-3157C8784072}"
EndProject
Project("{2150E333-8FDC-42A3-9474-1A3956D46DE8}") = "Presentation", "Presentation", "{E2CF6914-DBA1-47C6-B445-A08560FB8BF9}"
EndProject
Project("{2150E333-8FDC-42A3-9474-1A3956D46DE8}") = "Application", "Application", "{F6E83B51-990C-4C7C-BBD9-23D74C118AD3}"
EndProject
Project("{2150E333-8FDC-42A3-9474-1A3956D46DE8}") = "Services", "Services", "{F9418BB6-C120-4CD9-99DC-D04D7157E638}"
EndProject
Project("{2150E333-8FDC-42A3-9474-1A3956D46DE8}") = "Ordering", "Ordering", "{41C05FDF-63F9-4FF5-B321-DC462F326E10}"
	ProjectSection(SolutionItems) = preProject
		src\Services\Ordering\dapr.yaml = src\Services\Ordering\dapr.yaml
	EndProjectSection
EndProject
Project("{2150E333-8FDC-42A3-9474-1A3956D46DE8}") = "Common", "Common", "{A6B44367-FA23-4499-B99E-83652850DF29}"
EndProject
Project("{2150E333-8FDC-42A3-9474-1A3956D46DE8}") = "Catalog", "Catalog", "{413CF928-2FC1-4458-8C06-8FE9EB874F87}"
EndProject
Project("{2150E333-8FDC-42A3-9474-1A3956D46DE8}") = "Application", "Application", "{8B428587-6D56-47A4-8549-EF381A8198BF}"
EndProject
Project("{2150E333-8FDC-42A3-9474-1A3956D46DE8}") = "Domain", "Domain", "{C9159B4E-C309-4F3B-ABF9-1174F3F49943}"
EndProject
Project("{2150E333-8FDC-42A3-9474-1A3956D46DE8}") = "Infrastructure", "Infrastructure", "{FD75D271-03B9-4637-9CAE-D5CF747CEAF2}"
EndProject
Project("{2150E333-8FDC-42A3-9474-1A3956D46DE8}") = "Presentation", "Presentation", "{DF67C74A-C547-4B0A-9D30-EF86C94E5C0D}"
EndProject
Project("{2150E333-8FDC-42A3-9474-1A3956D46DE8}") = "Application", "Application", "{1EBC5EDB-F825-4106-80A9-E23D357FB1CB}"
EndProject
Project("{2150E333-8FDC-42A3-9474-1A3956D46DE8}") = "Domain", "Domain", "{483488BA-090E-4287-BD88-BD1C5D87210D}"
EndProject
Project("{2150E333-8FDC-42A3-9474-1A3956D46DE8}") = "Infrastructure", "Infrastructure", "{0B484E7C-94EB-40D0-8AEC-BF0C33171517}"
EndProject
Project("{2150E333-8FDC-42A3-9474-1A3956D46DE8}") = "Presentation", "Presentation", "{79FD8C3E-4CCD-4B43-8591-D7B9AC329268}"
EndProject
Project("{2150E333-8FDC-42A3-9474-1A3956D46DE8}") = "BuildingBlocks", "BuildingBlocks", "{121D78F3-3F0F-4F00-B2C9-3C797653C951}"
EndProject
Project("{9A19103F-16F7-4668-BE54-9A1E7A4F7556}") = "Healthchecks", "src\BuildingBlocks\Healthchecks\Healthchecks.csproj", "{774F02E6-B1CC-459E-A69F-7D2D7B19E920}"
EndProject
Project("{9A19103F-16F7-4668-BE54-9A1E7A4F7556}") = "Ordering.Application", "src\Services\Ordering\Application\Ordering.Application\Ordering.Application.csproj", "{37D003F3-D5F9-4D4F-AB76-7F69B2D671A4}"
EndProject
Project("{2150E333-8FDC-42A3-9474-1A3956D46DE8}") = "Solution Items", "Solution Items", "{3D3FF31C-4C03-40D3-8073-11123732B971}"
	ProjectSection(SolutionItems) = preProject
		Common.props = Common.props
		CONFIGURATION.md = CONFIGURATION.md
		Directory.Build.props = Directory.Build.props
		Directory.Packages.props = Directory.Packages.props
		README.md = README.md
	EndProjectSection
EndProject
Project("{2150E333-8FDC-42A3-9474-1A3956D46DE8}") = "Web", "Web", "{6720D68A-1AF5-48BA-8CB5-349E70E151B0}"
EndProject
Project("{9A19103F-16F7-4668-BE54-9A1E7A4F7556}") = "MultiTenancy", "src\BuildingBlocks\MultiTenancy\MultiTenancy.csproj", "{BBEEABD8-194C-407D-8A58-DD72B52CCE6D}"
EndProject
Project("{9A19103F-16F7-4668-BE54-9A1E7A4F7556}") = "Linq2DbAccessor", "src\BuildingBlocks\Linq2DbAccessor\Linq2DbAccessor.csproj", "{C4ED53BD-9DE6-4127-B175-59D83B7E25D0}"
EndProject
Project("{9A19103F-16F7-4668-BE54-9A1E7A4F7556}") = "ApiExtensions", "src\BuildingBlocks\ApiExtensions\ApiExtensions.csproj", "{B8856010-12F6-405D-B2AC-BDD2AD2FE470}"
EndProject
Project("{9A19103F-16F7-4668-BE54-9A1E7A4F7556}") = "Ordering.Domain", "src\Services\Ordering\Domain\Ordering.Domain\Ordering.Domain.csproj", "{2878C5A8-132D-4898-88FB-7F1876D7046F}"
EndProject
Project("{9A19103F-16F7-4668-BE54-9A1E7A4F7556}") = "Ordering.Infrastructure.Shared", "src\Services\Ordering\Infrastructure\Ordering.Infrastructure.Shared\Ordering.Infrastructure.Shared.csproj", "{C9DAD24B-2445-4A02-B916-04E455DB445B}"
EndProject
Project("{9A19103F-16F7-4668-BE54-9A1E7A4F7556}") = "Ordering.Api", "src\Services\Ordering\Presentation\Ordering.Api\Ordering.Api.csproj", "{90BDC411-E19C-4781-BD46-94C688BE797F}"
EndProject
Project("{9A19103F-16F7-4668-BE54-9A1E7A4F7556}") = "Utils", "src\BuildingBlocks\Utils\Utils.csproj", "{5A8422B2-1F0D-41BE-8C30-5810D4C7D448}"
EndProject
Project("{2150E333-8FDC-42A3-9474-1A3956D46DE8}") = "dapr", "dapr", "{B75B1640-466C-4BAB-8EEF-2F0B3691FD77}"
EndProject
Project("{2150E333-8FDC-42A3-9474-1A3956D46DE8}") = "components", "components", "{56D45039-23D5-47CB-B12B-CE4982E85633}"
	ProjectSection(SolutionItems) = preProject
		dapr\components\dt-config.yaml = dapr\components\dt-config.yaml
		dapr\components\dt-configurationstore.yaml = dapr\components\dt-configurationstore.yaml
		dapr\components\dt-pubsub.yaml = dapr\components\dt-pubsub.yaml
		dapr\components\dt-statestore.yaml = dapr\components\dt-statestore.yaml
	EndProjectSection
EndProject
Project("{2150E333-8FDC-42A3-9474-1A3956D46DE8}") = "test", "test", "{957DAFBB-1DA6-4AB2-BCC3-D984E7C7F4A8}"
EndProject
Project("{9A19103F-16F7-4668-BE54-9A1E7A4F7556}") = "Swagger", "src\BuildingBlocks\Swagger\Swagger.csproj", "{09190F8C-A670-4D83-A692-A89637823BF2}"
EndProject
Project("{9A19103F-16F7-4668-BE54-9A1E7A4F7556}") = "Domain", "src\BuildingBlocks\Abstractions\Domain.csproj", "{7F1A5FE9-2793-4B98-B817-6D3A7F151609}"
EndProject
Project("{9A19103F-16F7-4668-BE54-9A1E7A4F7556}") = "Ordering.Infrastructure.Repository", "src\Services\Ordering\Infrastructure\Ordering.Infrastructure.Repository\Ordering.Infrastructure.Repository.csproj", "{96AB328E-BA32-499A-AF9B-B7CC67703514}"
EndProject
Project("{9A19103F-16F7-4668-BE54-9A1E7A4F7556}") = "DaprTool.AbstractionsTest", "test\DaprTool.AbstractionsTest\DaprTool.AbstractionsTest.csproj", "{9D99BAB3-C5FA-4EB8-8CCF-4476957484D2}"
EndProject
Project("{2150E333-8FDC-42A3-9474-1A3956D46DE8}") = "IdentityServer4", "IdentityServer4", "{D2F20A9C-E732-43EA-9615-70F9FD46253A}"
	ProjectSection(SolutionItems) = preProject
		src\IdentityServer4\README.md = src\IdentityServer4\README.md
	EndProjectSection
EndProject
Project("{9A19103F-16F7-4668-BE54-9A1E7A4F7556}") = "DaprActorExtensions", "src\BuildingBlocks\DaprActorExtensions\DaprActorExtensions.csproj", "{E8E71C63-315D-4CD5-9847-4FFE30D2EA45}"
EndProject
Project("{2150E333-8FDC-42A3-9474-1A3956D46DE8}") = "PluggableComponents", "PluggableComponents", "{691E4302-884D-4F90-84FA-CF75C2D8A5B9}"
EndProject
Project("{9A19103F-16F7-4668-BE54-9A1E7A4F7556}") = "PluggableComponents", "src\PluggableComponents\PluggableComponents.csproj", "{CF4563D4-23A0-4140-B663-6A475D18282C}"
EndProject
Project("{2150E333-8FDC-42A3-9474-1A3956D46DE8}") = "samples", "samples", "{E386703B-38C2-40D2-8DB8-4592B2B6034D}"
	ProjectSection(SolutionItems) = preProject
		samples\dapr.yaml = samples\dapr.yaml
		samples\README.md = samples\README.md
	EndProjectSection
EndProject
Project("{9A19103F-16F7-4668-BE54-9A1E7A4F7556}") = "SampleClient", "samples\Client\SampleClient.csproj", "{A8A8732D-8658-4500-8F9F-C5E4782B0F37}"
EndProject
Project("{9A19103F-16F7-4668-BE54-9A1E7A4F7556}") = "SampleService", "samples\Service\SampleService.csproj", "{BA10DA75-290C-49F2-9FAA-BC22EB2B03F9}"
EndProject
Project("{9A19103F-16F7-4668-BE54-9A1E7A4F7556}") = "SampleInterfaces", "samples\Interfaces\SampleInterfaces.csproj", "{8FFD3584-C07D-49F5-AE9D-A0EB92C2A3CB}"
EndProject
Project("{9A19103F-16F7-4668-BE54-9A1E7A4F7556}") = "Ordering.Domain.Interfaces", "src\Services\Ordering\Domain\Ordering.Domain.Interfaces\Ordering.Domain.Interfaces.csproj", "{88C29601-0AA3-4751-9AF2-65F93743AA5D}"
EndProject
Project("{9A19103F-16F7-4668-BE54-9A1E7A4F7556}") = "Dependency", "src\BuildingBlocks\Dependency\Dependency.csproj", "{631B0704-ED1C-444A-95AB-E52952756F43}"
EndProject
Project("{9A19103F-16F7-4668-BE54-9A1E7A4F7556}") = "Validation", "src\BuildingBlocks\Validation\Validation.csproj", "{7449D8D4-0F2A-4D35-BC2F-0DEF40833C91}"
EndProject
Project("{9A19103F-16F7-4668-BE54-9A1E7A4F7556}") = "WebAdmin.Shared", "src\Web\WebAdmin.Shared\WebAdmin.Shared.csproj", "{9FCF0D70-CF60-4C0D-8667-42DB50BC6EE2}"
EndProject
Project("{9A19103F-16F7-4668-BE54-9A1E7A4F7556}") = "WebAdmin.Client", "src\Web\WebAdmin.Client\WebAdmin.Client.csproj", "{306E933B-914F-4935-A924-DA756F766753}"
EndProject
Project("{9A19103F-16F7-4668-BE54-9A1E7A4F7556}") = "WebAdmin", "src\Web\WebAdmin\WebAdmin.csproj", "{EA794699-4DD1-4622-A80F-DB138AB53D86}"
EndProject
Project("{9A19103F-16F7-4668-BE54-9A1E7A4F7556}") = "Idsrv4.Admin", "src\IdentityServer4\src\Idsrv4.Admin\Idsrv4.Admin.csproj", "{69BAC3F6-575C-49C6-B51C-2C198178BC85}"
EndProject
Project("{9A19103F-16F7-4668-BE54-9A1E7A4F7556}") = "Idsrv4.Admin.STS.Identity", "src\IdentityServer4\src\Idsrv4.Admin.STS.Identity\Idsrv4.Admin.STS.Identity.csproj", "{B28F0B35-FA5E-4FCA-89E4-87DF29DEEC71}"
EndProject
Project("{9A19103F-16F7-4668-BE54-9A1E7A4F7556}") = "Idsrv4.Admin.Api", "src\IdentityServer4\src\Idsrv4.Admin.Api\Idsrv4.Admin.Api.csproj", "{D1A7D06B-09B9-459B-B443-259E6BCF3E27}"
EndProject
Project("{9A19103F-16F7-4668-BE54-9A1E7A4F7556}") = "Idsrv4.Admin.EntityFramework.Shared", "src\IdentityServer4\src\Idsrv4.Admin.EntityFramework.Shared\Idsrv4.Admin.EntityFramework.Shared.csproj", "{03A34FBE-B8ED-4D47-8BF0-3AD55FDD9E85}"
EndProject
Project("{9A19103F-16F7-4668-BE54-9A1E7A4F7556}") = "Idsrv4.Admin.EntityFramework.PostgreSQL", "src\IdentityServer4\src\Idsrv4.Admin.EntityFramework.PostgreSQL\Idsrv4.Admin.EntityFramework.PostgreSQL.csproj", "{297596B1-296D-47C7-A4A4-0C1C25A347F2}"
EndProject
Project("{9A19103F-16F7-4668-BE54-9A1E7A4F7556}") = "Idsrv4.Admin.Shared", "src\IdentityServer4\src\Idsrv4.Admin.Shared\Idsrv4.Admin.Shared.csproj", "{AB633ACE-EB70-4ABB-AE2C-07C893EFD1C0}"
EndProject
Project("{9A19103F-16F7-4668-BE54-9A1E7A4F7556}") = "Idsrv4.Admin.AuditLogging", "src\IdentityServer4\src\Idsrv4.Admin.AuditLogging\Idsrv4.Admin.AuditLogging.csproj", "{3A8C58F1-027A-4B82-BEFF-AA82383AE8D7}"
EndProject
Project("{9A19103F-16F7-4668-BE54-9A1E7A4F7556}") = "Idsrv4.Admin.AuditLogging.EntityFramework", "src\IdentityServer4\src\Idsrv4.Admin.AuditLogging.EntityFramework\Idsrv4.Admin.AuditLogging.EntityFramework.csproj", "{36A1CAB5-53B0-46E2-A083-DD3CA9E08BB1}"
EndProject
Project("{9A19103F-16F7-4668-BE54-9A1E7A4F7556}") = "Idsrv4.Admin.UI", "src\IdentityServer4\src\Idsrv4.Admin.UI\Idsrv4.Admin.UI.csproj", "{07E8E5C4-DA82-44DD-B526-6A4150D5C9FD}"
EndProject
Project("{2150E333-8FDC-42A3-9474-1A3956D46DE8}") = "ProxyServer", "ProxyServer", "{60ABC20F-873F-4DA3-A86B-DAA5B563A2B5}"
EndProject
Project("{9A19103F-16F7-4668-BE54-9A1E7A4F7556}") = "ProxyServer", "src\ProxyServer\ProxyServer.csproj", "{E8CEAD9D-B4BF-4ED1-9DA6-ABC41E797D60}"
EndProject
Project("{2150E333-8FDC-42A3-9474-1A3956D46DE8}") = "build", "build", "{B4373E4B-C419-4D3D-8A52-2A07AF906D0F}"
	ProjectSection(SolutionItems) = preProject
		build\README.md = build\README.md
	EndProjectSection
EndProject
Project("{9A19103F-16F7-4668-BE54-9A1E7A4F7556}") = "DaprTool.Solution.AppHost", "build\DaprTool.Solution.AppHost\DaprTool.Solution.AppHost.csproj", "{639EAAE4-2DCB-41AD-A912-248F3FEA6B5E}"
EndProject
Project("{9A19103F-16F7-4668-BE54-9A1E7A4F7556}") = "DaprTool.Solution.ServiceDefaults", "build\DaprTool.Solution.ServiceDefaults\DaprTool.Solution.ServiceDefaults.csproj", "{F2165039-0483-4149-BEB6-A40928C17D4E}"
EndProject
Project("{9A19103F-16F7-4668-BE54-9A1E7A4F7556}") = "Idsrv4.Admin.BusinessLogic", "src\IdentityServer4\src\Idsrv4.Admin.BusinessLogic\Idsrv4.Admin.BusinessLogic.csproj", "{8DBF69E2-983F-41EA-B2BB-02AB7A668FA2}"
EndProject
Project("{9A19103F-16F7-4668-BE54-9A1E7A4F7556}") = "Idsrv4.Admin.BusinessLogic.Identity", "src\IdentityServer4\src\Idsrv4.Admin.BusinessLogic.Identity\Idsrv4.Admin.BusinessLogic.Identity.csproj", "{D370978B-931A-4DD4-AE24-CE07F6A9E190}"
EndProject
Project("{9A19103F-16F7-4668-BE54-9A1E7A4F7556}") = "Idsrv4.Admin.BusinessLogic.Shared", "src\IdentityServer4\src\Idsrv4.Admin.BusinessLogic.Shared\Idsrv4.Admin.BusinessLogic.Shared.csproj", "{9C985145-E772-428B-9885-45B676D3EA78}"
EndProject
Project("{9A19103F-16F7-4668-BE54-9A1E7A4F7556}") = "Idsrv4.Admin.EntityFramework", "src\IdentityServer4\src\Idsrv4.Admin.EntityFramework\Idsrv4.Admin.EntityFramework.csproj", "{463F0EA5-882F-4E42-85CA-D676CFAD24FB}"
EndProject
Project("{9A19103F-16F7-4668-BE54-9A1E7A4F7556}") = "Idsrv4.Admin.EntityFramework.Configuration", "src\IdentityServer4\src\Idsrv4.Admin.EntityFramework.Configuration\Idsrv4.Admin.EntityFramework.Configuration.csproj", "{0D8DF060-951C-4090-A20A-CE1E62B65D81}"
EndProject
Project("{9A19103F-16F7-4668-BE54-9A1E7A4F7556}") = "Idsrv4.Admin.EntityFramework.Extensions", "src\IdentityServer4\src\Idsrv4.Admin.EntityFramework.Extensions\Idsrv4.Admin.EntityFramework.Extensions.csproj", "{93FBD9DF-4E36-431D-97F4-5CF9C6ED15EA}"
EndProject
Project("{9A19103F-16F7-4668-BE54-9A1E7A4F7556}") = "Idsrv4.Admin.EntityFramework.Identity", "src\IdentityServer4\src\Idsrv4.Admin.EntityFramework.Identity\Idsrv4.Admin.EntityFramework.Identity.csproj", "{9F77AA52-E109-46E5-B3F6-434B0397C0C9}"
EndProject
Project("{9A19103F-16F7-4668-BE54-9A1E7A4F7556}") = "Idsrv4.Admin.Shared.Configuration", "src\IdentityServer4\src\Idsrv4.Admin.Shared.Configuration\Idsrv4.Admin.Shared.Configuration.csproj", "{08901097-7D7E-4A4F-ADC8-547C756B50EA}"
EndProject
Project("{2150E333-8FDC-42A3-9474-1A3956D46DE8}") = "admin", "admin", "{1B3F7528-270E-4BE3-B1B4-038293EEA794}"
EndProject
Project("{2150E333-8FDC-42A3-9474-1A3956D46DE8}") = "database", "database", "{FAF09FF7-4B68-4645-ABCE-B1024016E38E}"
EndProject
Project("{2150E333-8FDC-42A3-9474-1A3956D46DE8}") = "business", "business", "{4BD5A82F-3A5C-4CA2-976F-855BA3C51B11}"
EndProject
Project("{2150E333-8FDC-42A3-9474-1A3956D46DE8}") = "auditLogging", "auditLogging", "{14D68EB5-39B8-45EC-89B4-60C661C5B2C6}"
EndProject
Project("{2150E333-8FDC-42A3-9474-1A3956D46DE8}") = "sts", "sts", "{C27A08DD-CF84-4B1D-A276-82A19B86BD1C}"
EndProject
Project("{2150E333-8FDC-42A3-9474-1A3956D46DE8}") = "shared", "shared", "{B76D6ACE-5EC8-49DC-BA37-ED479808FEDE}"
EndProject
Global
	GlobalSection(SolutionConfigurationPlatforms) = preSolution
		Debug|Any CPU = Debug|Any CPU
		Release|Any CPU = Release|Any CPU
	EndGlobalSection
	GlobalSection(ProjectConfigurationPlatforms) = postSolution
		{774F02E6-B1CC-459E-A69F-7D2D7B19E920}.Debug|Any CPU.ActiveCfg = Debug|Any CPU
		{774F02E6-B1CC-459E-A69F-7D2D7B19E920}.Debug|Any CPU.Build.0 = Debug|Any CPU
		{774F02E6-B1CC-459E-A69F-7D2D7B19E920}.Release|Any CPU.ActiveCfg = Release|Any CPU
		{774F02E6-B1CC-459E-A69F-7D2D7B19E920}.Release|Any CPU.Build.0 = Release|Any CPU
		{37D003F3-D5F9-4D4F-AB76-7F69B2D671A4}.Debug|Any CPU.ActiveCfg = Debug|Any CPU
		{37D003F3-D5F9-4D4F-AB76-7F69B2D671A4}.Debug|Any CPU.Build.0 = Debug|Any CPU
		{37D003F3-D5F9-4D4F-AB76-7F69B2D671A4}.Release|Any CPU.ActiveCfg = Release|Any CPU
		{37D003F3-D5F9-4D4F-AB76-7F69B2D671A4}.Release|Any CPU.Build.0 = Release|Any CPU
		{BBEEABD8-194C-407D-8A58-DD72B52CCE6D}.Debug|Any CPU.ActiveCfg = Debug|Any CPU
		{BBEEABD8-194C-407D-8A58-DD72B52CCE6D}.Debug|Any CPU.Build.0 = Debug|Any CPU
		{BBEEABD8-194C-407D-8A58-DD72B52CCE6D}.Release|Any CPU.ActiveCfg = Release|Any CPU
		{BBEEABD8-194C-407D-8A58-DD72B52CCE6D}.Release|Any CPU.Build.0 = Release|Any CPU
		{C4ED53BD-9DE6-4127-B175-59D83B7E25D0}.Debug|Any CPU.ActiveCfg = Debug|Any CPU
		{C4ED53BD-9DE6-4127-B175-59D83B7E25D0}.Debug|Any CPU.Build.0 = Debug|Any CPU
		{C4ED53BD-9DE6-4127-B175-59D83B7E25D0}.Release|Any CPU.ActiveCfg = Release|Any CPU
		{C4ED53BD-9DE6-4127-B175-59D83B7E25D0}.Release|Any CPU.Build.0 = Release|Any CPU
		{B8856010-12F6-405D-B2AC-BDD2AD2FE470}.Debug|Any CPU.ActiveCfg = Debug|Any CPU
		{B8856010-12F6-405D-B2AC-BDD2AD2FE470}.Debug|Any CPU.Build.0 = Debug|Any CPU
		{B8856010-12F6-405D-B2AC-BDD2AD2FE470}.Release|Any CPU.ActiveCfg = Release|Any CPU
		{B8856010-12F6-405D-B2AC-BDD2AD2FE470}.Release|Any CPU.Build.0 = Release|Any CPU
		{2878C5A8-132D-4898-88FB-7F1876D7046F}.Debug|Any CPU.ActiveCfg = Debug|Any CPU
		{2878C5A8-132D-4898-88FB-7F1876D7046F}.Debug|Any CPU.Build.0 = Debug|Any CPU
		{2878C5A8-132D-4898-88FB-7F1876D7046F}.Release|Any CPU.ActiveCfg = Release|Any CPU
		{2878C5A8-132D-4898-88FB-7F1876D7046F}.Release|Any CPU.Build.0 = Release|Any CPU
		{C9DAD24B-2445-4A02-B916-04E455DB445B}.Debug|Any CPU.ActiveCfg = Debug|Any CPU
		{C9DAD24B-2445-4A02-B916-04E455DB445B}.Debug|Any CPU.Build.0 = Debug|Any CPU
		{C9DAD24B-2445-4A02-B916-04E455DB445B}.Release|Any CPU.ActiveCfg = Release|Any CPU
		{C9DAD24B-2445-4A02-B916-04E455DB445B}.Release|Any CPU.Build.0 = Release|Any CPU
		{90BDC411-E19C-4781-BD46-94C688BE797F}.Debug|Any CPU.ActiveCfg = Debug|Any CPU
		{90BDC411-E19C-4781-BD46-94C688BE797F}.Debug|Any CPU.Build.0 = Debug|Any CPU
		{90BDC411-E19C-4781-BD46-94C688BE797F}.Release|Any CPU.ActiveCfg = Release|Any CPU
		{90BDC411-E19C-4781-BD46-94C688BE797F}.Release|Any CPU.Build.0 = Release|Any CPU
		{5A8422B2-1F0D-41BE-8C30-5810D4C7D448}.Debug|Any CPU.ActiveCfg = Debug|Any CPU
		{5A8422B2-1F0D-41BE-8C30-5810D4C7D448}.Debug|Any CPU.Build.0 = Debug|Any CPU
		{5A8422B2-1F0D-41BE-8C30-5810D4C7D448}.Release|Any CPU.ActiveCfg = Release|Any CPU
		{5A8422B2-1F0D-41BE-8C30-5810D4C7D448}.Release|Any CPU.Build.0 = Release|Any CPU
		{09190F8C-A670-4D83-A692-A89637823BF2}.Debug|Any CPU.ActiveCfg = Debug|Any CPU
		{09190F8C-A670-4D83-A692-A89637823BF2}.Debug|Any CPU.Build.0 = Debug|Any CPU
		{09190F8C-A670-4D83-A692-A89637823BF2}.Release|Any CPU.ActiveCfg = Release|Any CPU
		{09190F8C-A670-4D83-A692-A89637823BF2}.Release|Any CPU.Build.0 = Release|Any CPU
		{7F1A5FE9-2793-4B98-B817-6D3A7F151609}.Debug|Any CPU.ActiveCfg = Debug|Any CPU
		{7F1A5FE9-2793-4B98-B817-6D3A7F151609}.Debug|Any CPU.Build.0 = Debug|Any CPU
		{7F1A5FE9-2793-4B98-B817-6D3A7F151609}.Release|Any CPU.ActiveCfg = Release|Any CPU
		{7F1A5FE9-2793-4B98-B817-6D3A7F151609}.Release|Any CPU.Build.0 = Release|Any CPU
		{96AB328E-BA32-499A-AF9B-B7CC67703514}.Debug|Any CPU.ActiveCfg = Debug|Any CPU
		{96AB328E-BA32-499A-AF9B-B7CC67703514}.Debug|Any CPU.Build.0 = Debug|Any CPU
		{96AB328E-BA32-499A-AF9B-B7CC67703514}.Release|Any CPU.ActiveCfg = Release|Any CPU
		{96AB328E-BA32-499A-AF9B-B7CC67703514}.Release|Any CPU.Build.0 = Release|Any CPU
		{9D99BAB3-C5FA-4EB8-8CCF-4476957484D2}.Debug|Any CPU.ActiveCfg = Debug|Any CPU
		{9D99BAB3-C5FA-4EB8-8CCF-4476957484D2}.Debug|Any CPU.Build.0 = Debug|Any CPU
		{9D99BAB3-C5FA-4EB8-8CCF-4476957484D2}.Release|Any CPU.ActiveCfg = Release|Any CPU
		{9D99BAB3-C5FA-4EB8-8CCF-4476957484D2}.Release|Any CPU.Build.0 = Release|Any CPU
		{E8E71C63-315D-4CD5-9847-4FFE30D2EA45}.Debug|Any CPU.ActiveCfg = Debug|Any CPU
		{E8E71C63-315D-4CD5-9847-4FFE30D2EA45}.Debug|Any CPU.Build.0 = Debug|Any CPU
		{E8E71C63-315D-4CD5-9847-4FFE30D2EA45}.Release|Any CPU.ActiveCfg = Release|Any CPU
		{E8E71C63-315D-4CD5-9847-4FFE30D2EA45}.Release|Any CPU.Build.0 = Release|Any CPU
		{CF4563D4-23A0-4140-B663-6A475D18282C}.Debug|Any CPU.ActiveCfg = Debug|Any CPU
		{CF4563D4-23A0-4140-B663-6A475D18282C}.Debug|Any CPU.Build.0 = Debug|Any CPU
		{CF4563D4-23A0-4140-B663-6A475D18282C}.Release|Any CPU.ActiveCfg = Release|Any CPU
		{CF4563D4-23A0-4140-B663-6A475D18282C}.Release|Any CPU.Build.0 = Release|Any CPU
		{A8A8732D-8658-4500-8F9F-C5E4782B0F37}.Debug|Any CPU.ActiveCfg = Debug|Any CPU
		{A8A8732D-8658-4500-8F9F-C5E4782B0F37}.Debug|Any CPU.Build.0 = Debug|Any CPU
		{A8A8732D-8658-4500-8F9F-C5E4782B0F37}.Release|Any CPU.ActiveCfg = Release|Any CPU
		{A8A8732D-8658-4500-8F9F-C5E4782B0F37}.Release|Any CPU.Build.0 = Release|Any CPU
		{BA10DA75-290C-49F2-9FAA-BC22EB2B03F9}.Debug|Any CPU.ActiveCfg = Debug|Any CPU
		{BA10DA75-290C-49F2-9FAA-BC22EB2B03F9}.Debug|Any CPU.Build.0 = Debug|Any CPU
		{BA10DA75-290C-49F2-9FAA-BC22EB2B03F9}.Release|Any CPU.ActiveCfg = Release|Any CPU
		{BA10DA75-290C-49F2-9FAA-BC22EB2B03F9}.Release|Any CPU.Build.0 = Release|Any CPU
		{8FFD3584-C07D-49F5-AE9D-A0EB92C2A3CB}.Debug|Any CPU.ActiveCfg = Debug|Any CPU
		{8FFD3584-C07D-49F5-AE9D-A0EB92C2A3CB}.Debug|Any CPU.Build.0 = Debug|Any CPU
		{8FFD3584-C07D-49F5-AE9D-A0EB92C2A3CB}.Release|Any CPU.ActiveCfg = Release|Any CPU
		{8FFD3584-C07D-49F5-AE9D-A0EB92C2A3CB}.Release|Any CPU.Build.0 = Release|Any CPU
		{88C29601-0AA3-4751-9AF2-65F93743AA5D}.Debug|Any CPU.ActiveCfg = Debug|Any CPU
		{88C29601-0AA3-4751-9AF2-65F93743AA5D}.Debug|Any CPU.Build.0 = Debug|Any CPU
		{88C29601-0AA3-4751-9AF2-65F93743AA5D}.Release|Any CPU.ActiveCfg = Release|Any CPU
		{88C29601-0AA3-4751-9AF2-65F93743AA5D}.Release|Any CPU.Build.0 = Release|Any CPU
		{631B0704-ED1C-444A-95AB-E52952756F43}.Debug|Any CPU.ActiveCfg = Debug|Any CPU
		{631B0704-ED1C-444A-95AB-E52952756F43}.Debug|Any CPU.Build.0 = Debug|Any CPU
		{631B0704-ED1C-444A-95AB-E52952756F43}.Release|Any CPU.ActiveCfg = Release|Any CPU
		{631B0704-ED1C-444A-95AB-E52952756F43}.Release|Any CPU.Build.0 = Release|Any CPU
		{7449D8D4-0F2A-4D35-BC2F-0DEF40833C91}.Debug|Any CPU.ActiveCfg = Debug|Any CPU
		{7449D8D4-0F2A-4D35-BC2F-0DEF40833C91}.Debug|Any CPU.Build.0 = Debug|Any CPU
		{7449D8D4-0F2A-4D35-BC2F-0DEF40833C91}.Release|Any CPU.ActiveCfg = Release|Any CPU
		{7449D8D4-0F2A-4D35-BC2F-0DEF40833C91}.Release|Any CPU.Build.0 = Release|Any CPU
		{9FCF0D70-CF60-4C0D-8667-42DB50BC6EE2}.Debug|Any CPU.ActiveCfg = Debug|Any CPU
		{9FCF0D70-CF60-4C0D-8667-42DB50BC6EE2}.Debug|Any CPU.Build.0 = Debug|Any CPU
		{9FCF0D70-CF60-4C0D-8667-42DB50BC6EE2}.Release|Any CPU.ActiveCfg = Release|Any CPU
		{9FCF0D70-CF60-4C0D-8667-42DB50BC6EE2}.Release|Any CPU.Build.0 = Release|Any CPU
		{306E933B-914F-4935-A924-DA756F766753}.Debug|Any CPU.ActiveCfg = Debug|Any CPU
		{306E933B-914F-4935-A924-DA756F766753}.Debug|Any CPU.Build.0 = Debug|Any CPU
		{306E933B-914F-4935-A924-DA756F766753}.Release|Any CPU.ActiveCfg = Release|Any CPU
		{306E933B-914F-4935-A924-DA756F766753}.Release|Any CPU.Build.0 = Release|Any CPU
		{EA794699-4DD1-4622-A80F-DB138AB53D86}.Debug|Any CPU.ActiveCfg = Debug|Any CPU
		{EA794699-4DD1-4622-A80F-DB138AB53D86}.Debug|Any CPU.Build.0 = Debug|Any CPU
		{EA794699-4DD1-4622-A80F-DB138AB53D86}.Release|Any CPU.ActiveCfg = Release|Any CPU
		{EA794699-4DD1-4622-A80F-DB138AB53D86}.Release|Any CPU.Build.0 = Release|Any CPU
		{69BAC3F6-575C-49C6-B51C-2C198178BC85}.Debug|Any CPU.ActiveCfg = Debug|Any CPU
		{69BAC3F6-575C-49C6-B51C-2C198178BC85}.Debug|Any CPU.Build.0 = Debug|Any CPU
		{69BAC3F6-575C-49C6-B51C-2C198178BC85}.Release|Any CPU.ActiveCfg = Release|Any CPU
		{69BAC3F6-575C-49C6-B51C-2C198178BC85}.Release|Any CPU.Build.0 = Release|Any CPU
		{B28F0B35-FA5E-4FCA-89E4-87DF29DEEC71}.Debug|Any CPU.ActiveCfg = Debug|Any CPU
		{B28F0B35-FA5E-4FCA-89E4-87DF29DEEC71}.Debug|Any CPU.Build.0 = Debug|Any CPU
		{B28F0B35-FA5E-4FCA-89E4-87DF29DEEC71}.Release|Any CPU.ActiveCfg = Release|Any CPU
		{B28F0B35-FA5E-4FCA-89E4-87DF29DEEC71}.Release|Any CPU.Build.0 = Release|Any CPU
		{D1A7D06B-09B9-459B-B443-259E6BCF3E27}.Debug|Any CPU.ActiveCfg = Debug|Any CPU
		{D1A7D06B-09B9-459B-B443-259E6BCF3E27}.Debug|Any CPU.Build.0 = Debug|Any CPU
		{D1A7D06B-09B9-459B-B443-259E6BCF3E27}.Release|Any CPU.ActiveCfg = Release|Any CPU
		{D1A7D06B-09B9-459B-B443-259E6BCF3E27}.Release|Any CPU.Build.0 = Release|Any CPU
		{03A34FBE-B8ED-4D47-8BF0-3AD55FDD9E85}.Debug|Any CPU.ActiveCfg = Debug|Any CPU
		{03A34FBE-B8ED-4D47-8BF0-3AD55FDD9E85}.Debug|Any CPU.Build.0 = Debug|Any CPU
		{03A34FBE-B8ED-4D47-8BF0-3AD55FDD9E85}.Release|Any CPU.ActiveCfg = Release|Any CPU
		{03A34FBE-B8ED-4D47-8BF0-3AD55FDD9E85}.Release|Any CPU.Build.0 = Release|Any CPU
		{297596B1-296D-47C7-A4A4-0C1C25A347F2}.Debug|Any CPU.ActiveCfg = Debug|Any CPU
		{297596B1-296D-47C7-A4A4-0C1C25A347F2}.Debug|Any CPU.Build.0 = Debug|Any CPU
		{297596B1-296D-47C7-A4A4-0C1C25A347F2}.Release|Any CPU.ActiveCfg = Release|Any CPU
		{297596B1-296D-47C7-A4A4-0C1C25A347F2}.Release|Any CPU.Build.0 = Release|Any CPU
		{AB633ACE-EB70-4ABB-AE2C-07C893EFD1C0}.Debug|Any CPU.ActiveCfg = Debug|Any CPU
		{AB633ACE-EB70-4ABB-AE2C-07C893EFD1C0}.Debug|Any CPU.Build.0 = Debug|Any CPU
		{AB633ACE-EB70-4ABB-AE2C-07C893EFD1C0}.Release|Any CPU.ActiveCfg = Release|Any CPU
		{AB633ACE-EB70-4ABB-AE2C-07C893EFD1C0}.Release|Any CPU.Build.0 = Release|Any CPU
		{3A8C58F1-027A-4B82-BEFF-AA82383AE8D7}.Debug|Any CPU.ActiveCfg = Debug|Any CPU
		{3A8C58F1-027A-4B82-BEFF-AA82383AE8D7}.Debug|Any CPU.Build.0 = Debug|Any CPU
		{3A8C58F1-027A-4B82-BEFF-AA82383AE8D7}.Release|Any CPU.ActiveCfg = Release|Any CPU
		{3A8C58F1-027A-4B82-BEFF-AA82383AE8D7}.Release|Any CPU.Build.0 = Release|Any CPU
		{36A1CAB5-53B0-46E2-A083-DD3CA9E08BB1}.Debug|Any CPU.ActiveCfg = Debug|Any CPU
		{36A1CAB5-53B0-46E2-A083-DD3CA9E08BB1}.Debug|Any CPU.Build.0 = Debug|Any CPU
		{36A1CAB5-53B0-46E2-A083-DD3CA9E08BB1}.Release|Any CPU.ActiveCfg = Release|Any CPU
		{36A1CAB5-53B0-46E2-A083-DD3CA9E08BB1}.Release|Any CPU.Build.0 = Release|Any CPU
		{07E8E5C4-DA82-44DD-B526-6A4150D5C9FD}.Debug|Any CPU.ActiveCfg = Debug|Any CPU
		{07E8E5C4-DA82-44DD-B526-6A4150D5C9FD}.Debug|Any CPU.Build.0 = Debug|Any CPU
		{07E8E5C4-DA82-44DD-B526-6A4150D5C9FD}.Release|Any CPU.ActiveCfg = Release|Any CPU
		{07E8E5C4-DA82-44DD-B526-6A4150D5C9FD}.Release|Any CPU.Build.0 = Release|Any CPU
		{E8CEAD9D-B4BF-4ED1-9DA6-ABC41E797D60}.Debug|Any CPU.ActiveCfg = Debug|Any CPU
		{E8CEAD9D-B4BF-4ED1-9DA6-ABC41E797D60}.Debug|Any CPU.Build.0 = Debug|Any CPU
		{E8CEAD9D-B4BF-4ED1-9DA6-ABC41E797D60}.Release|Any CPU.ActiveCfg = Release|Any CPU
		{E8CEAD9D-B4BF-4ED1-9DA6-ABC41E797D60}.Release|Any CPU.Build.0 = Release|Any CPU
		{639EAAE4-2DCB-41AD-A912-248F3FEA6B5E}.Debug|Any CPU.ActiveCfg = Debug|Any CPU
		{639EAAE4-2DCB-41AD-A912-248F3FEA6B5E}.Debug|Any CPU.Build.0 = Debug|Any CPU
		{639EAAE4-2DCB-41AD-A912-248F3FEA6B5E}.Release|Any CPU.ActiveCfg = Release|Any CPU
		{639EAAE4-2DCB-41AD-A912-248F3FEA6B5E}.Release|Any CPU.Build.0 = Release|Any CPU
		{F2165039-0483-4149-BEB6-A40928C17D4E}.Debug|Any CPU.ActiveCfg = Debug|Any CPU
		{F2165039-0483-4149-BEB6-A40928C17D4E}.Debug|Any CPU.Build.0 = Debug|Any CPU
		{F2165039-0483-4149-BEB6-A40928C17D4E}.Release|Any CPU.ActiveCfg = Release|Any CPU
		{F2165039-0483-4149-BEB6-A40928C17D4E}.Release|Any CPU.Build.0 = Release|Any CPU
		{8DBF69E2-983F-41EA-B2BB-02AB7A668FA2}.Debug|Any CPU.ActiveCfg = Debug|Any CPU
		{8DBF69E2-983F-41EA-B2BB-02AB7A668FA2}.Debug|Any CPU.Build.0 = Debug|Any CPU
		{8DBF69E2-983F-41EA-B2BB-02AB7A668FA2}.Release|Any CPU.ActiveCfg = Release|Any CPU
		{8DBF69E2-983F-41EA-B2BB-02AB7A668FA2}.Release|Any CPU.Build.0 = Release|Any CPU
		{D370978B-931A-4DD4-AE24-CE07F6A9E190}.Debug|Any CPU.ActiveCfg = Debug|Any CPU
		{D370978B-931A-4DD4-AE24-CE07F6A9E190}.Debug|Any CPU.Build.0 = Debug|Any CPU
		{D370978B-931A-4DD4-AE24-CE07F6A9E190}.Release|Any CPU.ActiveCfg = Release|Any CPU
		{D370978B-931A-4DD4-AE24-CE07F6A9E190}.Release|Any CPU.Build.0 = Release|Any CPU
		{9C985145-E772-428B-9885-45B676D3EA78}.Debug|Any CPU.ActiveCfg = Debug|Any CPU
		{9C985145-E772-428B-9885-45B676D3EA78}.Debug|Any CPU.Build.0 = Debug|Any CPU
		{9C985145-E772-428B-9885-45B676D3EA78}.Release|Any CPU.ActiveCfg = Release|Any CPU
		{9C985145-E772-428B-9885-45B676D3EA78}.Release|Any CPU.Build.0 = Release|Any CPU
		{463F0EA5-882F-4E42-85CA-D676CFAD24FB}.Debug|Any CPU.ActiveCfg = Debug|Any CPU
		{463F0EA5-882F-4E42-85CA-D676CFAD24FB}.Debug|Any CPU.Build.0 = Debug|Any CPU
		{463F0EA5-882F-4E42-85CA-D676CFAD24FB}.Release|Any CPU.ActiveCfg = Release|Any CPU
		{463F0EA5-882F-4E42-85CA-D676CFAD24FB}.Release|Any CPU.Build.0 = Release|Any CPU
		{0D8DF060-951C-4090-A20A-CE1E62B65D81}.Debug|Any CPU.ActiveCfg = Debug|Any CPU
		{0D8DF060-951C-4090-A20A-CE1E62B65D81}.Debug|Any CPU.Build.0 = Debug|Any CPU
		{0D8DF060-951C-4090-A20A-CE1E62B65D81}.Release|Any CPU.ActiveCfg = Release|Any CPU
		{0D8DF060-951C-4090-A20A-CE1E62B65D81}.Release|Any CPU.Build.0 = Release|Any CPU
		{93FBD9DF-4E36-431D-97F4-5CF9C6ED15EA}.Debug|Any CPU.ActiveCfg = Debug|Any CPU
		{93FBD9DF-4E36-431D-97F4-5CF9C6ED15EA}.Debug|Any CPU.Build.0 = Debug|Any CPU
		{93FBD9DF-4E36-431D-97F4-5CF9C6ED15EA}.Release|Any CPU.ActiveCfg = Release|Any CPU
		{93FBD9DF-4E36-431D-97F4-5CF9C6ED15EA}.Release|Any CPU.Build.0 = Release|Any CPU
		{9F77AA52-E109-46E5-B3F6-434B0397C0C9}.Debug|Any CPU.ActiveCfg = Debug|Any CPU
		{9F77AA52-E109-46E5-B3F6-434B0397C0C9}.Debug|Any CPU.Build.0 = Debug|Any CPU
		{9F77AA52-E109-46E5-B3F6-434B0397C0C9}.Release|Any CPU.ActiveCfg = Release|Any CPU
		{9F77AA52-E109-46E5-B3F6-434B0397C0C9}.Release|Any CPU.Build.0 = Release|Any CPU
		{08901097-7D7E-4A4F-ADC8-547C756B50EA}.Debug|Any CPU.ActiveCfg = Debug|Any CPU
		{08901097-7D7E-4A4F-ADC8-547C756B50EA}.Debug|Any CPU.Build.0 = Debug|Any CPU
		{08901097-7D7E-4A4F-ADC8-547C756B50EA}.Release|Any CPU.ActiveCfg = Release|Any CPU
		{08901097-7D7E-4A4F-ADC8-547C756B50EA}.Release|Any CPU.Build.0 = Release|Any CPU
	EndGlobalSection
	GlobalSection(SolutionProperties) = preSolution
		HideSolutionNode = FALSE
	EndGlobalSection
	GlobalSection(NestedProjects) = preSolution
		{7910C4F6-E2F6-4309-BC0F-45285E1124D7} = {41C05FDF-63F9-4FF5-B321-DC462F326E10}
		{DE45A29E-9213-401C-8D14-3157C8784072} = {41C05FDF-63F9-4FF5-B321-DC462F326E10}
		{E2CF6914-DBA1-47C6-B445-A08560FB8BF9} = {41C05FDF-63F9-4FF5-B321-DC462F326E10}
		{F6E83B51-990C-4C7C-BBD9-23D74C118AD3} = {41C05FDF-63F9-4FF5-B321-DC462F326E10}
		{F9418BB6-C120-4CD9-99DC-D04D7157E638} = {5724FC31-E7B7-4F84-8B04-85E8A7B964DB}
		{41C05FDF-63F9-4FF5-B321-DC462F326E10} = {F9418BB6-C120-4CD9-99DC-D04D7157E638}
		{A6B44367-FA23-4499-B99E-83652850DF29} = {F9418BB6-C120-4CD9-99DC-D04D7157E638}
		{413CF928-2FC1-4458-8C06-8FE9EB874F87} = {F9418BB6-C120-4CD9-99DC-D04D7157E638}
		{8B428587-6D56-47A4-8549-EF381A8198BF} = {A6B44367-FA23-4499-B99E-83652850DF29}
		{C9159B4E-C309-4F3B-ABF9-1174F3F49943} = {A6B44367-FA23-4499-B99E-83652850DF29}
		{FD75D271-03B9-4637-9CAE-D5CF747CEAF2} = {A6B44367-FA23-4499-B99E-83652850DF29}
		{DF67C74A-C547-4B0A-9D30-EF86C94E5C0D} = {A6B44367-FA23-4499-B99E-83652850DF29}
		{1EBC5EDB-F825-4106-80A9-E23D357FB1CB} = {413CF928-2FC1-4458-8C06-8FE9EB874F87}
		{483488BA-090E-4287-BD88-BD1C5D87210D} = {413CF928-2FC1-4458-8C06-8FE9EB874F87}
		{0B484E7C-94EB-40D0-8AEC-BF0C33171517} = {413CF928-2FC1-4458-8C06-8FE9EB874F87}
		{79FD8C3E-4CCD-4B43-8591-D7B9AC329268} = {413CF928-2FC1-4458-8C06-8FE9EB874F87}
		{121D78F3-3F0F-4F00-B2C9-3C797653C951} = {5724FC31-E7B7-4F84-8B04-85E8A7B964DB}
		{774F02E6-B1CC-459E-A69F-7D2D7B19E920} = {121D78F3-3F0F-4F00-B2C9-3C797653C951}
		{37D003F3-D5F9-4D4F-AB76-7F69B2D671A4} = {F6E83B51-990C-4C7C-BBD9-23D74C118AD3}
		{6720D68A-1AF5-48BA-8CB5-349E70E151B0} = {5724FC31-E7B7-4F84-8B04-85E8A7B964DB}
		{BBEEABD8-194C-407D-8A58-DD72B52CCE6D} = {121D78F3-3F0F-4F00-B2C9-3C797653C951}
		{C4ED53BD-9DE6-4127-B175-59D83B7E25D0} = {121D78F3-3F0F-4F00-B2C9-3C797653C951}
		{B8856010-12F6-405D-B2AC-BDD2AD2FE470} = {121D78F3-3F0F-4F00-B2C9-3C797653C951}
		{2878C5A8-132D-4898-88FB-7F1876D7046F} = {7910C4F6-E2F6-4309-BC0F-45285E1124D7}
		{C9DAD24B-2445-4A02-B916-04E455DB445B} = {DE45A29E-9213-401C-8D14-3157C8784072}
		{90BDC411-E19C-4781-BD46-94C688BE797F} = {E2CF6914-DBA1-47C6-B445-A08560FB8BF9}
		{5A8422B2-1F0D-41BE-8C30-5810D4C7D448} = {121D78F3-3F0F-4F00-B2C9-3C797653C951}
		{56D45039-23D5-47CB-B12B-CE4982E85633} = {B75B1640-466C-4BAB-8EEF-2F0B3691FD77}
		{09190F8C-A670-4D83-A692-A89637823BF2} = {121D78F3-3F0F-4F00-B2C9-3C797653C951}
		{7F1A5FE9-2793-4B98-B817-6D3A7F151609} = {121D78F3-3F0F-4F00-B2C9-3C797653C951}
		{96AB328E-BA32-499A-AF9B-B7CC67703514} = {DE45A29E-9213-401C-8D14-3157C8784072}
		{9D99BAB3-C5FA-4EB8-8CCF-4476957484D2} = {957DAFBB-1DA6-4AB2-BCC3-D984E7C7F4A8}
		{D2F20A9C-E732-43EA-9615-70F9FD46253A} = {5724FC31-E7B7-4F84-8B04-85E8A7B964DB}
		{E8E71C63-315D-4CD5-9847-4FFE30D2EA45} = {121D78F3-3F0F-4F00-B2C9-3C797653C951}
		{691E4302-884D-4F90-84FA-CF75C2D8A5B9} = {5724FC31-E7B7-4F84-8B04-85E8A7B964DB}
		{CF4563D4-23A0-4140-B663-6A475D18282C} = {691E4302-884D-4F90-84FA-CF75C2D8A5B9}
		{A8A8732D-8658-4500-8F9F-C5E4782B0F37} = {E386703B-38C2-40D2-8DB8-4592B2B6034D}
		{BA10DA75-290C-49F2-9FAA-BC22EB2B03F9} = {E386703B-38C2-40D2-8DB8-4592B2B6034D}
		{8FFD3584-C07D-49F5-AE9D-A0EB92C2A3CB} = {E386703B-38C2-40D2-8DB8-4592B2B6034D}
		{88C29601-0AA3-4751-9AF2-65F93743AA5D} = {7910C4F6-E2F6-4309-BC0F-45285E1124D7}
		{631B0704-ED1C-444A-95AB-E52952756F43} = {121D78F3-3F0F-4F00-B2C9-3C797653C951}
		{7449D8D4-0F2A-4D35-BC2F-0DEF40833C91} = {121D78F3-3F0F-4F00-B2C9-3C797653C951}
		{9FCF0D70-CF60-4C0D-8667-42DB50BC6EE2} = {6720D68A-1AF5-48BA-8CB5-349E70E151B0}
		{306E933B-914F-4935-A924-DA756F766753} = {6720D68A-1AF5-48BA-8CB5-349E70E151B0}
		{EA794699-4DD1-4622-A80F-DB138AB53D86} = {6720D68A-1AF5-48BA-8CB5-349E70E151B0}
		{69BAC3F6-575C-49C6-B51C-2C198178BC85} = {1B3F7528-270E-4BE3-B1B4-038293EEA794}
		{B28F0B35-FA5E-4FCA-89E4-87DF29DEEC71} = {C27A08DD-CF84-4B1D-A276-82A19B86BD1C}
		{D1A7D06B-09B9-459B-B443-259E6BCF3E27} = {1B3F7528-270E-4BE3-B1B4-038293EEA794}
		{03A34FBE-B8ED-4D47-8BF0-3AD55FDD9E85} = {FAF09FF7-4B68-4645-ABCE-B1024016E38E}
		{297596B1-296D-47C7-A4A4-0C1C25A347F2} = {FAF09FF7-4B68-4645-ABCE-B1024016E38E}
		{AB633ACE-EB70-4ABB-AE2C-07C893EFD1C0} = {B76D6ACE-5EC8-49DC-BA37-ED479808FEDE}
		{3A8C58F1-027A-4B82-BEFF-AA82383AE8D7} = {14D68EB5-39B8-45EC-89B4-60C661C5B2C6}
		{36A1CAB5-53B0-46E2-A083-DD3CA9E08BB1} = {14D68EB5-39B8-45EC-89B4-60C661C5B2C6}
		{07E8E5C4-DA82-44DD-B526-6A4150D5C9FD} = {1B3F7528-270E-4BE3-B1B4-038293EEA794}
		{60ABC20F-873F-4DA3-A86B-DAA5B563A2B5} = {5724FC31-E7B7-4F84-8B04-85E8A7B964DB}
		{E8CEAD9D-B4BF-4ED1-9DA6-ABC41E797D60} = {60ABC20F-873F-4DA3-A86B-DAA5B563A2B5}
		{639EAAE4-2DCB-41AD-A912-248F3FEA6B5E} = {B4373E4B-C419-4D3D-8A52-2A07AF906D0F}
		{F2165039-0483-4149-BEB6-A40928C17D4E} = {B4373E4B-C419-4D3D-8A52-2A07AF906D0F}
		{8DBF69E2-983F-41EA-B2BB-02AB7A668FA2} = {4BD5A82F-3A5C-4CA2-976F-855BA3C51B11}
		{D370978B-931A-4DD4-AE24-CE07F6A9E190} = {4BD5A82F-3A5C-4CA2-976F-855BA3C51B11}
		{9C985145-E772-428B-9885-45B676D3EA78} = {4BD5A82F-3A5C-4CA2-976F-855BA3C51B11}
		{463F0EA5-882F-4E42-85CA-D676CFAD24FB} = {FAF09FF7-4B68-4645-ABCE-B1024016E38E}
		{0D8DF060-951C-4090-A20A-CE1E62B65D81} = {FAF09FF7-4B68-4645-ABCE-B1024016E38E}
		{93FBD9DF-4E36-431D-97F4-5CF9C6ED15EA} = {FAF09FF7-4B68-4645-ABCE-B1024016E38E}
		{9F77AA52-E109-46E5-B3F6-434B0397C0C9} = {FAF09FF7-4B68-4645-ABCE-B1024016E38E}
		{08901097-7D7E-4A4F-ADC8-547C756B50EA} = {B76D6ACE-5EC8-49DC-BA37-ED479808FEDE}
		{1B3F7528-270E-4BE3-B1B4-038293EEA794} = {D2F20A9C-E732-43EA-9615-70F9FD46253A}
		{FAF09FF7-4B68-4645-ABCE-B1024016E38E} = {D2F20A9C-E732-43EA-9615-70F9FD46253A}
		{4BD5A82F-3A5C-4CA2-976F-855BA3C51B11} = {D2F20A9C-E732-43EA-9615-70F9FD46253A}
		{14D68EB5-39B8-45EC-89B4-60C661C5B2C6} = {D2F20A9C-E732-43EA-9615-70F9FD46253A}
		{C27A08DD-CF84-4B1D-A276-82A19B86BD1C} = {D2F20A9C-E732-43EA-9615-70F9FD46253A}
		{B76D6ACE-5EC8-49DC-BA37-ED479808FEDE} = {D2F20A9C-E732-43EA-9615-70F9FD46253A}
	EndGlobalSection
	GlobalSection(ExtensibilityGlobals) = postSolution
		SolutionGuid = {CE377903-BDA1-4347-BEC2-62ED2F807EE3}
	EndGlobalSection
EndGlobal
