
Microsoft Visual Studio Solution File, Format Version 12.00
Project("{2150E333-8FDC-42A3-9474-1A3956D46DE8}") = "src", "src", "{5724FC31-E7B7-4F84-8B04-85E8A7B964DB}"
EndProject
Project("{2150E333-8FDC-42A3-9474-1A3956D46DE8}") = "Domain", "Domain", "{7910C4F6-E2F6-4309-BC0F-45285E1124D7}"
EndProject
Project("{2150E333-8FDC-42A3-9474-1A3956D46DE8}") = "Infrastructure", "Infrastructure", "{DE45A29E-9213-401C-8D14-3157C8784072}"
EndProject
Project("{2150E333-8FDC-42A3-9474-1A3956D46DE8}") = "Presentation", "Presentation", "{E2CF6914-DBA1-47C6-B445-A08560FB8BF9}"
EndProject
Project("{2150E333-8FDC-42A3-9474-1A3956D46DE8}") = "Application", "Application", "{F6E83B51-990C-4C7C-BBD9-23D74C118AD3}"
EndProject
Project("{2150E333-8FDC-42A3-9474-1A3956D46DE8}") = "Services", "Services", "{F9418BB6-C120-4CD9-99DC-D04D7157E638}"
EndProject
Project("{2150E333-8FDC-42A3-9474-1A3956D46DE8}") = "Ordering", "Ordering", "{41C05FDF-63F9-4FF5-B321-DC462F326E10}"
EndProject
Project("{2150E333-8FDC-42A3-9474-1A3956D46DE8}") = "Common", "Common", "{A6B44367-FA23-4499-B99E-83652850DF29}"
EndProject
Project("{2150E333-8FDC-42A3-9474-1A3956D46DE8}") = "Catalog", "Catalog", "{413CF928-2FC1-4458-8C06-8FE9EB874F87}"
EndProject
Project("{2150E333-8FDC-42A3-9474-1A3956D46DE8}") = "Application", "Application", "{8B428587-6D56-47A4-8549-EF381A8198BF}"
EndProject
Project("{2150E333-8FDC-42A3-9474-1A3956D46DE8}") = "Domain", "Domain", "{C9159B4E-C309-4F3B-ABF9-1174F3F49943}"
EndProject
Project("{2150E333-8FDC-42A3-9474-1A3956D46DE8}") = "Infrastructure", "Infrastructure", "{FD75D271-03B9-4637-9CAE-D5CF747CEAF2}"
EndProject
Project("{2150E333-8FDC-42A3-9474-1A3956D46DE8}") = "Presentation", "Presentation", "{DF67C74A-C547-4B0A-9D30-EF86C94E5C0D}"
EndProject
Project("{2150E333-8FDC-42A3-9474-1A3956D46DE8}") = "Application", "Application", "{1EBC5EDB-F825-4106-80A9-E23D357FB1CB}"
EndProject
Project("{2150E333-8FDC-42A3-9474-1A3956D46DE8}") = "Domain", "Domain", "{483488BA-090E-4287-BD88-BD1C5D87210D}"
EndProject
Project("{2150E333-8FDC-42A3-9474-1A3956D46DE8}") = "Infrastructure", "Infrastructure", "{0B484E7C-94EB-40D0-8AEC-BF0C33171517}"
EndProject
Project("{2150E333-8FDC-42A3-9474-1A3956D46DE8}") = "Presentation", "Presentation", "{79FD8C3E-4CCD-4B43-8591-D7B9AC329268}"
EndProject
Project("{FAE04EC0-301F-11D3-BF4B-00C04F79EFBC}") = "Common.Application", "src\Services\Common\Application\Common.Application\Common.Application.csproj", "{C87955A5-00E7-4A28-BA08-514BA82BF25C}"
EndProject
Project("{FAE04EC0-301F-11D3-BF4B-00C04F79EFBC}") = "Common.Domain.Interfaces", "src\Services\Common\Domain\Common.Domain.Interfaces\Common.Domain.Interfaces.csproj", "{C67F383E-3FD4-4E56-81AD-885D31B17FCB}"
EndProject
Project("{2150E333-8FDC-42A3-9474-1A3956D46DE8}") = "BuildingBlocks", "BuildingBlocks", "{121D78F3-3F0F-4F00-B2C9-3C797653C951}"
EndProject
Project("{FAE04EC0-301F-11D3-BF4B-00C04F79EFBC}") = "Healthchecks", "src\BuildingBlocks\Healthchecks\Healthchecks.csproj", "{774F02E6-B1CC-459E-A69F-7D2D7B19E920}"
EndProject
Project("{FAE04EC0-301F-11D3-BF4B-00C04F79EFBC}") = "EventBus", "src\BuildingBlocks\EventBus\EventBus.csproj", "{59F3DADB-E8E8-4A4F-8742-18D385D64AA6}"
EndProject
Project("{FAE04EC0-301F-11D3-BF4B-00C04F79EFBC}") = "Common.Domain", "src\Services\Common\Domain\Common.Domain\Common.Domain.csproj", "{94603D6F-DADD-4ECF-9F6C-3BDDB189E57F}"
EndProject
Project("{FAE04EC0-301F-11D3-BF4B-00C04F79EFBC}") = "Common.Host", "src\Services\Common\Presentation\Common.Host\Common.Host.csproj", "{5B828729-2458-4EAA-B42D-F814B085FBB3}"
EndProject
Project("{FAE04EC0-301F-11D3-BF4B-00C04F79EFBC}") = "Common.Api", "src\Services\Common\Presentation\Common.Api\Common.Api.csproj", "{8FE50C2A-73E5-4AF5-A90F-83B6F92CEA9A}"
EndProject
Project("{FAE04EC0-301F-11D3-BF4B-00C04F79EFBC}") = "Common.Infrastructure.Shared", "src\Services\Common\Infrastructure\Common.Infrastructure.Shared\Common.Infrastructure.Shared.csproj", "{43D73EF7-BDD2-4434-87FC-93195B5EA781}"
EndProject
Project("{FAE04EC0-301F-11D3-BF4B-00C04F79EFBC}") = "Ordering.Application", "src\Services\Ordering\Application\Ordering.Application\Ordering.Application.csproj", "{37D003F3-D5F9-4D4F-AB76-7F69B2D671A4}"
EndProject
Project("{2150E333-8FDC-42A3-9474-1A3956D46DE8}") = "Solution Items", "Solution Items", "{3D3FF31C-4C03-40D3-8073-11123732B971}"
	ProjectSection(SolutionItems) = preProject
		README.md = README.md
	EndProjectSection
EndProject
Project("{FAE04EC0-301F-11D3-BF4B-00C04F79EFBC}") = "Common.Infrastructure.Linq2Db", "src\Services\Common\Infrastructure\Common.Infrastructure.Linq2Db\Common.Infrastructure.Linq2Db.csproj", "{72C002B1-4C62-47D7-B190-592678D38FBF}"
EndProject
Project("{2150E333-8FDC-42A3-9474-1A3956D46DE8}") = "Web", "Web", "{6720D68A-1AF5-48BA-8CB5-349E70E151B0}"
EndProject
Project("{FAE04EC0-301F-11D3-BF4B-00C04F79EFBC}") = "MultiTenancy", "src\BuildingBlocks\MultiTenancy\MultiTenancy.csproj", "{BBEEABD8-194C-407D-8A58-DD72B52CCE6D}"
EndProject
Project("{FAE04EC0-301F-11D3-BF4B-00C04F79EFBC}") = "Linq2DbAccessor", "src\BuildingBlocks\Linq2DbAccessor\Linq2DbAccessor.csproj", "{C4ED53BD-9DE6-4127-B175-59D83B7E25D0}"
EndProject
Project("{FAE04EC0-301F-11D3-BF4B-00C04F79EFBC}") = "ApiExtensions", "src\BuildingBlocks\ApiExtensions\ApiExtensions.csproj", "{B8856010-12F6-405D-B2AC-BDD2AD2FE470}"
EndProject
Project("{FAE04EC0-301F-11D3-BF4B-00C04F79EFBC}") = "HostExtensions", "src\BuildingBlocks\HostExtensions\HostExtensions.csproj", "{D3477226-AFB1-47D2-B9F2-C032629B712F}"
EndProject
Project("{FAE04EC0-301F-11D3-BF4B-00C04F79EFBC}") = "Ordering.Domain", "src\Services\Ordering\Domain\Ordering.Domain\Ordering.Domain.csproj", "{2878C5A8-132D-4898-88FB-7F1876D7046F}"
EndProject
Project("{FAE04EC0-301F-11D3-BF4B-00C04F79EFBC}") = "Ordering.Domain.Interfaces", "src\Services\Ordering\Domain\Ordering.Domain.Interfaces\Ordering.Domain.Interfaces.csproj", "{2AABFD98-1880-47AF-88C9-E92C3BCCFB81}"
EndProject
Project("{FAE04EC0-301F-11D3-BF4B-00C04F79EFBC}") = "Ordering.Infrastructure.Linq2Db", "src\Services\Ordering\Infrastructure\Ordering.Infrastructure.Linq2Db\Ordering.Infrastructure.Linq2Db.csproj", "{91081233-8B24-4FEE-B1A1-65B52E1753FF}"
EndProject
Project("{FAE04EC0-301F-11D3-BF4B-00C04F79EFBC}") = "Ordering.Infrastructure.Shared", "src\Services\Ordering\Infrastructure\Ordering.Infrastructure.Shared\Ordering.Infrastructure.Shared.csproj", "{C9DAD24B-2445-4A02-B916-04E455DB445B}"
EndProject
Project("{FAE04EC0-301F-11D3-BF4B-00C04F79EFBC}") = "Ordering.Api", "src\Services\Ordering\Presentation\Ordering.Api\Ordering.Api.csproj", "{90BDC411-E19C-4781-BD46-94C688BE797F}"
EndProject
Project("{FAE04EC0-301F-11D3-BF4B-00C04F79EFBC}") = "Ordering.Host", "src\Services\Ordering\Presentation\Ordering.Host\Ordering.Host.csproj", "{4C23EB4D-BE65-44A6-B4A1-32D33E7C23FA}"
EndProject
Project("{FAE04EC0-301F-11D3-BF4B-00C04F79EFBC}") = "CommonUtility", "src\BuildingBlocks\CommonUtility\CommonUtility.csproj", "{5A8422B2-1F0D-41BE-8C30-5810D4C7D448}"
EndProject
Project("{2150E333-8FDC-42A3-9474-1A3956D46DE8}") = "dapr", "dapr", "{B75B1640-466C-4BAB-8EEF-2F0B3691FD77}"
EndProject
Project("{2150E333-8FDC-42A3-9474-1A3956D46DE8}") = "components", "components", "{56D45039-23D5-47CB-B12B-CE4982E85633}"
	ProjectSection(SolutionItems) = preProject
		dapr\components\gold-pubsub.yaml = dapr\components\gold-pubsub.yaml
		dapr\components\gold-secretstore.yaml = dapr\components\gold-secretstore.yaml
		dapr\components\gold-statestore.yaml = dapr\components\gold-statestore.yaml
		dapr\components\gold-secrets.json = dapr\components\gold-secrets.json
	EndProjectSection
EndProject
Project("{2150E333-8FDC-42A3-9474-1A3956D46DE8}") = "configuration", "configuration", "{F3C8590F-504F-42D5-A120-198B742CCFF6}"
	ProjectSection(SolutionItems) = preProject
		dapr\configuration\gold-config.yaml = dapr\configuration\gold-config.yaml
	EndProjectSection
EndProject
Project("{2150E333-8FDC-42A3-9474-1A3956D46DE8}") = "test", "test", "{957DAFBB-1DA6-4AB2-BCC3-D984E7C7F4A8}"
EndProject
Global
	GlobalSection(SolutionConfigurationPlatforms) = preSolution
		Debug|Any CPU = Debug|Any CPU
		Release|Any CPU = Release|Any CPU
	EndGlobalSection
	GlobalSection(NestedProjects) = preSolution
		{F9418BB6-C120-4CD9-99DC-D04D7157E638} = {5724FC31-E7B7-4F84-8B04-85E8A7B964DB}
		{41C05FDF-63F9-4FF5-B321-DC462F326E10} = {F9418BB6-C120-4CD9-99DC-D04D7157E638}
		{F6E83B51-990C-4C7C-BBD9-23D74C118AD3} = {41C05FDF-63F9-4FF5-B321-DC462F326E10}
		{7910C4F6-E2F6-4309-BC0F-45285E1124D7} = {41C05FDF-63F9-4FF5-B321-DC462F326E10}
		{DE45A29E-9213-401C-8D14-3157C8784072} = {41C05FDF-63F9-4FF5-B321-DC462F326E10}
		{E2CF6914-DBA1-47C6-B445-A08560FB8BF9} = {41C05FDF-63F9-4FF5-B321-DC462F326E10}
		{A6B44367-FA23-4499-B99E-83652850DF29} = {F9418BB6-C120-4CD9-99DC-D04D7157E638}
		{413CF928-2FC1-4458-8C06-8FE9EB874F87} = {F9418BB6-C120-4CD9-99DC-D04D7157E638}
		{8B428587-6D56-47A4-8549-EF381A8198BF} = {A6B44367-FA23-4499-B99E-83652850DF29}
		{C9159B4E-C309-4F3B-ABF9-1174F3F49943} = {A6B44367-FA23-4499-B99E-83652850DF29}
		{FD75D271-03B9-4637-9CAE-D5CF747CEAF2} = {A6B44367-FA23-4499-B99E-83652850DF29}
		{DF67C74A-C547-4B0A-9D30-EF86C94E5C0D} = {A6B44367-FA23-4499-B99E-83652850DF29}
		{1EBC5EDB-F825-4106-80A9-E23D357FB1CB} = {413CF928-2FC1-4458-8C06-8FE9EB874F87}
		{483488BA-090E-4287-BD88-BD1C5D87210D} = {413CF928-2FC1-4458-8C06-8FE9EB874F87}
		{0B484E7C-94EB-40D0-8AEC-BF0C33171517} = {413CF928-2FC1-4458-8C06-8FE9EB874F87}
		{79FD8C3E-4CCD-4B43-8591-D7B9AC329268} = {413CF928-2FC1-4458-8C06-8FE9EB874F87}
		{C87955A5-00E7-4A28-BA08-514BA82BF25C} = {8B428587-6D56-47A4-8549-EF381A8198BF}
		{C67F383E-3FD4-4E56-81AD-885D31B17FCB} = {C9159B4E-C309-4F3B-ABF9-1174F3F49943}
		{774F02E6-B1CC-459E-A69F-7D2D7B19E920} = {121D78F3-3F0F-4F00-B2C9-3C797653C951}
		{59F3DADB-E8E8-4A4F-8742-18D385D64AA6} = {121D78F3-3F0F-4F00-B2C9-3C797653C951}
		{94603D6F-DADD-4ECF-9F6C-3BDDB189E57F} = {C9159B4E-C309-4F3B-ABF9-1174F3F49943}
		{5B828729-2458-4EAA-B42D-F814B085FBB3} = {DF67C74A-C547-4B0A-9D30-EF86C94E5C0D}
		{8FE50C2A-73E5-4AF5-A90F-83B6F92CEA9A} = {DF67C74A-C547-4B0A-9D30-EF86C94E5C0D}
		{43D73EF7-BDD2-4434-87FC-93195B5EA781} = {FD75D271-03B9-4637-9CAE-D5CF747CEAF2}
		{37D003F3-D5F9-4D4F-AB76-7F69B2D671A4} = {F6E83B51-990C-4C7C-BBD9-23D74C118AD3}
		{72C002B1-4C62-47D7-B190-592678D38FBF} = {FD75D271-03B9-4637-9CAE-D5CF747CEAF2}
		{121D78F3-3F0F-4F00-B2C9-3C797653C951} = {5724FC31-E7B7-4F84-8B04-85E8A7B964DB}
		{6720D68A-1AF5-48BA-8CB5-349E70E151B0} = {5724FC31-E7B7-4F84-8B04-85E8A7B964DB}
		{BBEEABD8-194C-407D-8A58-DD72B52CCE6D} = {121D78F3-3F0F-4F00-B2C9-3C797653C951}
		{C4ED53BD-9DE6-4127-B175-59D83B7E25D0} = {121D78F3-3F0F-4F00-B2C9-3C797653C951}
		{B8856010-12F6-405D-B2AC-BDD2AD2FE470} = {121D78F3-3F0F-4F00-B2C9-3C797653C951}
		{D3477226-AFB1-47D2-B9F2-C032629B712F} = {121D78F3-3F0F-4F00-B2C9-3C797653C951}
		{2878C5A8-132D-4898-88FB-7F1876D7046F} = {7910C4F6-E2F6-4309-BC0F-45285E1124D7}
		{2AABFD98-1880-47AF-88C9-E92C3BCCFB81} = {7910C4F6-E2F6-4309-BC0F-45285E1124D7}
		{91081233-8B24-4FEE-B1A1-65B52E1753FF} = {DE45A29E-9213-401C-8D14-3157C8784072}
		{C9DAD24B-2445-4A02-B916-04E455DB445B} = {DE45A29E-9213-401C-8D14-3157C8784072}
		{90BDC411-E19C-4781-BD46-94C688BE797F} = {E2CF6914-DBA1-47C6-B445-A08560FB8BF9}
		{4C23EB4D-BE65-44A6-B4A1-32D33E7C23FA} = {E2CF6914-DBA1-47C6-B445-A08560FB8BF9}
		{5A8422B2-1F0D-41BE-8C30-5810D4C7D448} = {121D78F3-3F0F-4F00-B2C9-3C797653C951}
		{56D45039-23D5-47CB-B12B-CE4982E85633} = {B75B1640-466C-4BAB-8EEF-2F0B3691FD77}
		{F3C8590F-504F-42D5-A120-198B742CCFF6} = {B75B1640-466C-4BAB-8EEF-2F0B3691FD77}
	EndGlobalSection
	GlobalSection(ProjectConfigurationPlatforms) = postSolution
		{C87955A5-00E7-4A28-BA08-514BA82BF25C}.Debug|Any CPU.ActiveCfg = Debug|Any CPU
		{C87955A5-00E7-4A28-BA08-514BA82BF25C}.Debug|Any CPU.Build.0 = Debug|Any CPU
		{C87955A5-00E7-4A28-BA08-514BA82BF25C}.Release|Any CPU.ActiveCfg = Release|Any CPU
		{C87955A5-00E7-4A28-BA08-514BA82BF25C}.Release|Any CPU.Build.0 = Release|Any CPU
		{C67F383E-3FD4-4E56-81AD-885D31B17FCB}.Debug|Any CPU.ActiveCfg = Debug|Any CPU
		{C67F383E-3FD4-4E56-81AD-885D31B17FCB}.Debug|Any CPU.Build.0 = Debug|Any CPU
		{C67F383E-3FD4-4E56-81AD-885D31B17FCB}.Release|Any CPU.ActiveCfg = Release|Any CPU
		{C67F383E-3FD4-4E56-81AD-885D31B17FCB}.Release|Any CPU.Build.0 = Release|Any CPU
		{774F02E6-B1CC-459E-A69F-7D2D7B19E920}.Debug|Any CPU.ActiveCfg = Debug|Any CPU
		{774F02E6-B1CC-459E-A69F-7D2D7B19E920}.Debug|Any CPU.Build.0 = Debug|Any CPU
		{774F02E6-B1CC-459E-A69F-7D2D7B19E920}.Release|Any CPU.ActiveCfg = Release|Any CPU
		{774F02E6-B1CC-459E-A69F-7D2D7B19E920}.Release|Any CPU.Build.0 = Release|Any CPU
		{59F3DADB-E8E8-4A4F-8742-18D385D64AA6}.Debug|Any CPU.ActiveCfg = Debug|Any CPU
		{59F3DADB-E8E8-4A4F-8742-18D385D64AA6}.Debug|Any CPU.Build.0 = Debug|Any CPU
		{59F3DADB-E8E8-4A4F-8742-18D385D64AA6}.Release|Any CPU.ActiveCfg = Release|Any CPU
		{59F3DADB-E8E8-4A4F-8742-18D385D64AA6}.Release|Any CPU.Build.0 = Release|Any CPU
		{94603D6F-DADD-4ECF-9F6C-3BDDB189E57F}.Debug|Any CPU.ActiveCfg = Debug|Any CPU
		{94603D6F-DADD-4ECF-9F6C-3BDDB189E57F}.Debug|Any CPU.Build.0 = Debug|Any CPU
		{94603D6F-DADD-4ECF-9F6C-3BDDB189E57F}.Release|Any CPU.ActiveCfg = Release|Any CPU
		{94603D6F-DADD-4ECF-9F6C-3BDDB189E57F}.Release|Any CPU.Build.0 = Release|Any CPU
		{5B828729-2458-4EAA-B42D-F814B085FBB3}.Debug|Any CPU.ActiveCfg = Debug|Any CPU
		{5B828729-2458-4EAA-B42D-F814B085FBB3}.Debug|Any CPU.Build.0 = Debug|Any CPU
		{5B828729-2458-4EAA-B42D-F814B085FBB3}.Release|Any CPU.ActiveCfg = Release|Any CPU
		{5B828729-2458-4EAA-B42D-F814B085FBB3}.Release|Any CPU.Build.0 = Release|Any CPU
		{8FE50C2A-73E5-4AF5-A90F-83B6F92CEA9A}.Debug|Any CPU.ActiveCfg = Debug|Any CPU
		{8FE50C2A-73E5-4AF5-A90F-83B6F92CEA9A}.Debug|Any CPU.Build.0 = Debug|Any CPU
		{8FE50C2A-73E5-4AF5-A90F-83B6F92CEA9A}.Release|Any CPU.ActiveCfg = Release|Any CPU
		{8FE50C2A-73E5-4AF5-A90F-83B6F92CEA9A}.Release|Any CPU.Build.0 = Release|Any CPU
		{43D73EF7-BDD2-4434-87FC-93195B5EA781}.Debug|Any CPU.ActiveCfg = Debug|Any CPU
		{43D73EF7-BDD2-4434-87FC-93195B5EA781}.Debug|Any CPU.Build.0 = Debug|Any CPU
		{43D73EF7-BDD2-4434-87FC-93195B5EA781}.Release|Any CPU.ActiveCfg = Release|Any CPU
		{43D73EF7-BDD2-4434-87FC-93195B5EA781}.Release|Any CPU.Build.0 = Release|Any CPU
		{37D003F3-D5F9-4D4F-AB76-7F69B2D671A4}.Debug|Any CPU.ActiveCfg = Debug|Any CPU
		{37D003F3-D5F9-4D4F-AB76-7F69B2D671A4}.Debug|Any CPU.Build.0 = Debug|Any CPU
		{37D003F3-D5F9-4D4F-AB76-7F69B2D671A4}.Release|Any CPU.ActiveCfg = Release|Any CPU
		{37D003F3-D5F9-4D4F-AB76-7F69B2D671A4}.Release|Any CPU.Build.0 = Release|Any CPU
		{72C002B1-4C62-47D7-B190-592678D38FBF}.Debug|Any CPU.ActiveCfg = Debug|Any CPU
		{72C002B1-4C62-47D7-B190-592678D38FBF}.Debug|Any CPU.Build.0 = Debug|Any CPU
		{72C002B1-4C62-47D7-B190-592678D38FBF}.Release|Any CPU.ActiveCfg = Release|Any CPU
		{72C002B1-4C62-47D7-B190-592678D38FBF}.Release|Any CPU.Build.0 = Release|Any CPU
		{BBEEABD8-194C-407D-8A58-DD72B52CCE6D}.Debug|Any CPU.ActiveCfg = Debug|Any CPU
		{BBEEABD8-194C-407D-8A58-DD72B52CCE6D}.Debug|Any CPU.Build.0 = Debug|Any CPU
		{BBEEABD8-194C-407D-8A58-DD72B52CCE6D}.Release|Any CPU.ActiveCfg = Release|Any CPU
		{BBEEABD8-194C-407D-8A58-DD72B52CCE6D}.Release|Any CPU.Build.0 = Release|Any CPU
		{C4ED53BD-9DE6-4127-B175-59D83B7E25D0}.Debug|Any CPU.ActiveCfg = Debug|Any CPU
		{C4ED53BD-9DE6-4127-B175-59D83B7E25D0}.Debug|Any CPU.Build.0 = Debug|Any CPU
		{C4ED53BD-9DE6-4127-B175-59D83B7E25D0}.Release|Any CPU.ActiveCfg = Release|Any CPU
		{C4ED53BD-9DE6-4127-B175-59D83B7E25D0}.Release|Any CPU.Build.0 = Release|Any CPU
		{B8856010-12F6-405D-B2AC-BDD2AD2FE470}.Debug|Any CPU.ActiveCfg = Debug|Any CPU
		{B8856010-12F6-405D-B2AC-BDD2AD2FE470}.Debug|Any CPU.Build.0 = Debug|Any CPU
		{B8856010-12F6-405D-B2AC-BDD2AD2FE470}.Release|Any CPU.ActiveCfg = Release|Any CPU
		{B8856010-12F6-405D-B2AC-BDD2AD2FE470}.Release|Any CPU.Build.0 = Release|Any CPU
		{D3477226-AFB1-47D2-B9F2-C032629B712F}.Debug|Any CPU.ActiveCfg = Debug|Any CPU
		{D3477226-AFB1-47D2-B9F2-C032629B712F}.Debug|Any CPU.Build.0 = Debug|Any CPU
		{D3477226-AFB1-47D2-B9F2-C032629B712F}.Release|Any CPU.ActiveCfg = Release|Any CPU
		{D3477226-AFB1-47D2-B9F2-C032629B712F}.Release|Any CPU.Build.0 = Release|Any CPU
		{2878C5A8-132D-4898-88FB-7F1876D7046F}.Debug|Any CPU.ActiveCfg = Debug|Any CPU
		{2878C5A8-132D-4898-88FB-7F1876D7046F}.Debug|Any CPU.Build.0 = Debug|Any CPU
		{2878C5A8-132D-4898-88FB-7F1876D7046F}.Release|Any CPU.ActiveCfg = Release|Any CPU
		{2878C5A8-132D-4898-88FB-7F1876D7046F}.Release|Any CPU.Build.0 = Release|Any CPU
		{2AABFD98-1880-47AF-88C9-E92C3BCCFB81}.Debug|Any CPU.ActiveCfg = Debug|Any CPU
		{2AABFD98-1880-47AF-88C9-E92C3BCCFB81}.Debug|Any CPU.Build.0 = Debug|Any CPU
		{2AABFD98-1880-47AF-88C9-E92C3BCCFB81}.Release|Any CPU.ActiveCfg = Release|Any CPU
		{2AABFD98-1880-47AF-88C9-E92C3BCCFB81}.Release|Any CPU.Build.0 = Release|Any CPU
		{91081233-8B24-4FEE-B1A1-65B52E1753FF}.Debug|Any CPU.ActiveCfg = Debug|Any CPU
		{91081233-8B24-4FEE-B1A1-65B52E1753FF}.Debug|Any CPU.Build.0 = Debug|Any CPU
		{91081233-8B24-4FEE-B1A1-65B52E1753FF}.Release|Any CPU.ActiveCfg = Release|Any CPU
		{91081233-8B24-4FEE-B1A1-65B52E1753FF}.Release|Any CPU.Build.0 = Release|Any CPU
		{C9DAD24B-2445-4A02-B916-04E455DB445B}.Debug|Any CPU.ActiveCfg = Debug|Any CPU
		{C9DAD24B-2445-4A02-B916-04E455DB445B}.Debug|Any CPU.Build.0 = Debug|Any CPU
		{C9DAD24B-2445-4A02-B916-04E455DB445B}.Release|Any CPU.ActiveCfg = Release|Any CPU
		{C9DAD24B-2445-4A02-B916-04E455DB445B}.Release|Any CPU.Build.0 = Release|Any CPU
		{90BDC411-E19C-4781-BD46-94C688BE797F}.Debug|Any CPU.ActiveCfg = Debug|Any CPU
		{90BDC411-E19C-4781-BD46-94C688BE797F}.Debug|Any CPU.Build.0 = Debug|Any CPU
		{90BDC411-E19C-4781-BD46-94C688BE797F}.Release|Any CPU.ActiveCfg = Release|Any CPU
		{90BDC411-E19C-4781-BD46-94C688BE797F}.Release|Any CPU.Build.0 = Release|Any CPU
		{4C23EB4D-BE65-44A6-B4A1-32D33E7C23FA}.Debug|Any CPU.ActiveCfg = Debug|Any CPU
		{4C23EB4D-BE65-44A6-B4A1-32D33E7C23FA}.Debug|Any CPU.Build.0 = Debug|Any CPU
		{4C23EB4D-BE65-44A6-B4A1-32D33E7C23FA}.Release|Any CPU.ActiveCfg = Release|Any CPU
		{4C23EB4D-BE65-44A6-B4A1-32D33E7C23FA}.Release|Any CPU.Build.0 = Release|Any CPU
		{5A8422B2-1F0D-41BE-8C30-5810D4C7D448}.Debug|Any CPU.ActiveCfg = Debug|Any CPU
		{5A8422B2-1F0D-41BE-8C30-5810D4C7D448}.Debug|Any CPU.Build.0 = Debug|Any CPU
		{5A8422B2-1F0D-41BE-8C30-5810D4C7D448}.Release|Any CPU.ActiveCfg = Release|Any CPU
		{5A8422B2-1F0D-41BE-8C30-5810D4C7D448}.Release|Any CPU.Build.0 = Release|Any CPU
	EndGlobalSection
EndGlobal
